
Microsoft Visual Studio Solution File, Format Version 12.00
# Visual Studio Version 17
VisualStudioVersion = 17.3.32929.385
MinimumVisualStudioVersion = 10.0.40219.1
Project("{FAE04EC0-301F-11D3-BF4B-00C04F79EFBC}") = "WindowsFormsAppPrincipal", "WindowsFormsAppPrincipal\WindowsFormsAppPrincipal.csproj", "{97B5EA53-1B39-442C-93E6-B4BB666BF7D7}"
EndProject
Project("{FAE04EC0-301F-11D3-BF4B-00C04F79EFBC}") = "Models", "Models\Models.csproj", "{12DED07E-DF09-4FFC-9697-92DD1DC8338C}"
EndProject
Project("{FAE04EC0-301F-11D3-BF4B-00C04F79EFBC}") = "DAL", "DAL\DAL.csproj", "{A333E37F-F3B7-43FE-B0CF-88117A6133DC}"
EndProject
Project("{FAE04EC0-301F-11D3-BF4B-00C04F79EFBC}") = "BLL", "BLL\BLL.csproj", "{74DC5A49-0011-41D3-92AD-E987B2FF5334}"
EndProject
Global
	GlobalSection(SolutionConfigurationPlatforms) = preSolution
		Debug|Any CPU = Debug|Any CPU
		Release|Any CPU = Release|Any CPU
	EndGlobalSection
	GlobalSection(ProjectConfigurationPlatforms) = postSolution
		{97B5EA53-1B39-442C-93E6-B4BB666BF7D7}.Debug|Any CPU.ActiveCfg = Debug|Any CPU
		{97B5EA53-1B39-442C-93E6-B4BB666BF7D7}.Debug|Any CPU.Build.0 = Debug|Any CPU
		{97B5EA53-1B39-442C-93E6-B4BB666BF7D7}.Release|Any CPU.ActiveCfg = Release|Any CPU
		{97B5EA53-1B39-442C-93E6-B4BB666BF7D7}.Release|Any CPU.Build.0 = Release|Any CPU
		{12DED07E-DF09-4FFC-9697-92DD1DC8338C}.Debug|Any CPU.ActiveCfg = Debug|Any CPU
		{12DED07E-DF09-4FFC-9697-92DD1DC8338C}.Debug|Any CPU.Build.0 = Debug|Any CPU
		{12DED07E-DF09-4FFC-9697-92DD1DC8338C}.Release|Any CPU.ActiveCfg = Release|Any CPU
		{12DED07E-DF09-4FFC-9697-92DD1DC8338C}.Release|Any CPU.Build.0 = Release|Any CPU
		{A333E37F-F3B7-43FE-B0CF-88117A6133DC}.Debug|Any CPU.ActiveCfg = Debug|Any CPU
		{A333E37F-F3B7-43FE-B0CF-88117A6133DC}.Debug|Any CPU.Build.0 = Debug|Any CPU
		{A333E37F-F3B7-43FE-B0CF-88117A6133DC}.Release|Any CPU.ActiveCfg = Release|Any CPU
		{A333E37F-F3B7-43FE-B0CF-88117A6133DC}.Release|Any CPU.Build.0 = Release|Any CPU
		{74DC5A49-0011-41D3-92AD-E987B2FF5334}.Debug|Any CPU.ActiveCfg = Debug|Any CPU
		{74DC5A49-0011-41D3-92AD-E987B2FF5334}.Debug|Any CPU.Build.0 = Debug|Any CPU
		{74DC5A49-0011-41D3-92AD-E987B2FF5334}.Release|Any CPU.ActiveCfg = Release|Any CPU
		{74DC5A49-0011-41D3-92AD-E987B2FF5334}.Release|Any CPU.Build.0 = Release|Any CPU
	EndGlobalSection
	GlobalSection(SolutionProperties) = preSolution
		HideSolutionNode = FALSE
	EndGlobalSection
	GlobalSection(ExtensibilityGlobals) = postSolution
		SolutionGuid = {C036E2FC-E7F3-4D7A-84BD-1ED9AC5BC942}
	EndGlobalSection
EndGlobal
